
Microsoft Visual Studio Solution File, Format Version 12.00
# Visual Studio 15
Project("{FAE04EC0-301F-11D3-BF4B-00C04F79EFBC}") = "Assembly-CSharp", "Assembly-CSharp.csproj", "{0A85B6EA-E920-D5FC-045A-FF99B8D9A0D7}"
EndProject
Global
	GlobalSection(SolutionConfigurationPlatforms) = preSolution
		Debug|Any CPU = Debug|Any CPU
		Release|Any CPU = Release|Any CPU
	EndGlobalSection
	GlobalSection(ProjectConfigurationPlatforms) = postSolution
		{0A85B6EA-E920-D5FC-045A-FF99B8D9A0D7}.Debug|Any CPU.ActiveCfg = Debug|Any CPU
		{0A85B6EA-E920-D5FC-045A-FF99B8D9A0D7}.Debug|Any CPU.Build.0 = Debug|Any CPU
		{0A85B6EA-E920-D5FC-045A-FF99B8D9A0D7}.Release|Any CPU.ActiveCfg = Release|Any CPU
		{0A85B6EA-E920-D5FC-045A-FF99B8D9A0D7}.Release|Any CPU.Build.0 = Release|Any CPU
	EndGlobalSection
	GlobalSection(SolutionProperties) = preSolution
		HideSolutionNode = FALSE
	EndGlobalSection
EndGlobal
